
Microsoft Visual Studio Solution File, Format Version 12.00
# Visual Studio Version 17
VisualStudioVersion = 17.5.33502.453
MinimumVisualStudioVersion = 10.0.40219.1
Project("{9A19103F-16F7-4668-BE54-9A1E7A4F7556}") = "ExamSimProject", "ExamSimProject.csproj", "{68068EBE-F950-4394-960D-2127A0E2AEEA}"
EndProject
Global
	GlobalSection(SolutionConfigurationPlatforms) = preSolution
		Debug|Any CPU = Debug|Any CPU
		Release|Any CPU = Release|Any CPU
	EndGlobalSection
	GlobalSection(ProjectConfigurationPlatforms) = postSolution
		{68068EBE-F950-4394-960D-2127A0E2AEEA}.Debug|Any CPU.ActiveCfg = Debug|Any CPU
		{68068EBE-F950-4394-960D-2127A0E2AEEA}.Debug|Any CPU.Build.0 = Debug|Any CPU
		{68068EBE-F950-4394-960D-2127A0E2AEEA}.Release|Any CPU.ActiveCfg = Release|Any CPU
		{68068EBE-F950-4394-960D-2127A0E2AEEA}.Release|Any CPU.Build.0 = Release|Any CPU
	EndGlobalSection
	GlobalSection(SolutionProperties) = preSolution
		HideSolutionNode = FALSE
	EndGlobalSection
	GlobalSection(ExtensibilityGlobals) = postSolution
		SolutionGuid = {49153E43-2BEC-4C01-89C6-3CD928AA1D58}
	EndGlobalSection
EndGlobal
